// !$*UTF8*$!
{
	archiveVersion = 1;
	classes = {
	};
	objectVersion = 46;
	objects = {

/* Begin PBXBuildFile section */
		3B7F3B311A1D24CD00123649 /* FindSongroomViewController.m in Sources */ = {isa = PBXBuildFile; fileRef = 3B7F3B2C1A1D24CD00123649 /* FindSongroomViewController.m */; };
		3B7F3B321A1D24CD00123649 /* GuestListViewController.m in Sources */ = {isa = PBXBuildFile; fileRef = 3B7F3B2E1A1D24CD00123649 /* GuestListViewController.m */; };
		3B7F3B331A1D24CD00123649 /* HistoryViewController.m in Sources */ = {isa = PBXBuildFile; fileRef = 3B7F3B301A1D24CD00123649 /* HistoryViewController.m */; };
		3B7F3B361A1D252100123649 /* PlaylistViewController.m in Sources */ = {isa = PBXBuildFile; fileRef = 3B7F3B351A1D252100123649 /* PlaylistViewController.m */; };
		3B7F3B391A1D4F1200123649 /* SelectPlaylistTableViewController.m in Sources */ = {isa = PBXBuildFile; fileRef = 3B7F3B381A1D4F1200123649 /* SelectPlaylistTableViewController.m */; };
		3BC42C0C1A22DCF200880769 /* PlaylistView.xib in Resources */ = {isa = PBXBuildFile; fileRef = 3BC42C0B1A22DCF200880769 /* PlaylistView.xib */; };
		4F0D1A181A257D3300BE4412 /* PlaylistTableView.m in Sources */ = {isa = PBXBuildFile; fileRef = 4F0D1A131A257D3300BE4412 /* PlaylistTableView.m */; };
		4F0D1A191A257D3300BE4412 /* PlaylistTableViewController.m in Sources */ = {isa = PBXBuildFile; fileRef = 4F0D1A151A257D3300BE4412 /* PlaylistTableViewController.m */; };
		4F0D1A1A1A257D3300BE4412 /* SongTableViewCell.m in Sources */ = {isa = PBXBuildFile; fileRef = 4F0D1A171A257D3300BE4412 /* SongTableViewCell.m */; };
		4F2945D11A26B1A1001B006A /* PlaybackViewController.m in Sources */ = {isa = PBXBuildFile; fileRef = 4F2945CF1A26B1A1001B006A /* PlaybackViewController.m */; };
		4F2945D21A26B1A1001B006A /* PlaybackViewController.xib in Resources */ = {isa = PBXBuildFile; fileRef = 4F2945D01A26B1A1001B006A /* PlaybackViewController.xib */; };
		4F2945D51A26CA52001B006A /* GuestListTableViewController.m in Sources */ = {isa = PBXBuildFile; fileRef = 4F2945D41A26CA52001B006A /* GuestListTableViewController.m */; };
		4F2945D81A26D6F3001B006A /* RefreshTableViewController.m in Sources */ = {isa = PBXBuildFile; fileRef = 4F2945D71A26D6F3001B006A /* RefreshTableViewController.m */; };
		4F47BAF61A12E09800660967 /* main.m in Sources */ = {isa = PBXBuildFile; fileRef = 4F47BAF51A12E09800660967 /* main.m */; };
		4F47BAF91A12E09800660967 /* AppDelegate.m in Sources */ = {isa = PBXBuildFile; fileRef = 4F47BAF81A12E09800660967 /* AppDelegate.m */; };
		4F47BAFC1A12E09800660967 /* ViewController.m in Sources */ = {isa = PBXBuildFile; fileRef = 4F47BAFB1A12E09800660967 /* ViewController.m */; };
		4F47BAFF1A12E09800660967 /* Main.storyboard in Resources */ = {isa = PBXBuildFile; fileRef = 4F47BAFD1A12E09800660967 /* Main.storyboard */; };
		4F47BB011A12E09800660967 /* Images.xcassets in Resources */ = {isa = PBXBuildFile; fileRef = 4F47BB001A12E09800660967 /* Images.xcassets */; };
		4F47BB041A12E09800660967 /* LaunchScreen.xib in Resources */ = {isa = PBXBuildFile; fileRef = 4F47BB021A12E09800660967 /* LaunchScreen.xib */; };
		4F47BB251A12E0DC00660967 /* Song.m in Sources */ = {isa = PBXBuildFile; fileRef = 4F47BB1A1A12E0DC00660967 /* Song.m */; };
		4F47BB261A12E0DC00660967 /* SongQueue.m in Sources */ = {isa = PBXBuildFile; fileRef = 4F47BB1C1A12E0DC00660967 /* SongQueue.m */; };
		4F47BB271A12E0DC00660967 /* SongRoom.m in Sources */ = {isa = PBXBuildFile; fileRef = 4F47BB1E1A12E0DC00660967 /* SongRoom.m */; };
		4F47BB281A12E0DC00660967 /* UnsortedSongQueue.m in Sources */ = {isa = PBXBuildFile; fileRef = 4F47BB201A12E0DC00660967 /* UnsortedSongQueue.m */; };
		4F47BB291A12E0DC00660967 /* User.m in Sources */ = {isa = PBXBuildFile; fileRef = 4F47BB221A12E0DC00660967 /* User.m */; };
		4F47BB2A1A12E0DC00660967 /* VoteBox.m in Sources */ = {isa = PBXBuildFile; fileRef = 4F47BB241A12E0DC00660967 /* VoteBox.m */; };
		4F47BB311A12E10000660967 /* SongQueueTests.m in Sources */ = {isa = PBXBuildFile; fileRef = 4F47BB2B1A12E10000660967 /* SongQueueTests.m */; };
		4F47BB321A12E10000660967 /* SongRoomTests.m in Sources */ = {isa = PBXBuildFile; fileRef = 4F47BB2C1A12E10000660967 /* SongRoomTests.m */; };
		4F47BB331A12E10000660967 /* SongTests.m in Sources */ = {isa = PBXBuildFile; fileRef = 4F47BB2D1A12E10000660967 /* SongTests.m */; };
		4F47BB341A12E10000660967 /* UnsortedSongQueueTests.m in Sources */ = {isa = PBXBuildFile; fileRef = 4F47BB2E1A12E10000660967 /* UnsortedSongQueueTests.m */; };
		4F47BB351A12E10000660967 /* UserTests.m in Sources */ = {isa = PBXBuildFile; fileRef = 4F47BB2F1A12E10000660967 /* UserTests.m */; };
		4F47BB361A12E10000660967 /* VoteBoxTests.m in Sources */ = {isa = PBXBuildFile; fileRef = 4F47BB301A12E10000660967 /* VoteBoxTests.m */; };
		4F47BC281A1529DA00660967 /* ServerTests.m in Sources */ = {isa = PBXBuildFile; fileRef = 4F47BC271A1529DA00660967 /* ServerTests.m */; };
		4F47BC2F1A1529EE00660967 /* Client.m in Sources */ = {isa = PBXBuildFile; fileRef = 4F47BC2A1A1529EE00660967 /* Client.m */; };
		4F47BC301A1529EE00660967 /* Server.m in Sources */ = {isa = PBXBuildFile; fileRef = 4F47BC2C1A1529EE00660967 /* Server.m */; };
		4F47BC311A1529EE00660967 /* ServerConnection.m in Sources */ = {isa = PBXBuildFile; fileRef = 4F47BC2E1A1529EE00660967 /* ServerConnection.m */; };
		4FD4AB161A2633A900D91D54 /* PlaylistNavigationController.m in Sources */ = {isa = PBXBuildFile; fileRef = 4FD4AB151A2633A900D91D54 /* PlaylistNavigationController.m */; };
		4FD4AB191A26390800D91D54 /* SearchViewController.m in Sources */ = {isa = PBXBuildFile; fileRef = 4FD4AB181A26390800D91D54 /* SearchViewController.m */; };
		4FD4AB1C1A263D1B00D91D54 /* SongSearchView.m in Sources */ = {isa = PBXBuildFile; fileRef = 4FD4AB1B1A263D1B00D91D54 /* SongSearchView.m */; };
		4FE36CC51A1CEB4400D21E5C /* AdminMemberTests.m in Sources */ = {isa = PBXBuildFile; fileRef = 4FE36CC41A1CEB4400D21E5C /* AdminMemberTests.m */; };
		4FE36CD91A1CEF3200D21E5C /* Member.m in Sources */ = {isa = PBXBuildFile; fileRef = 4FE36CD21A1CEF3200D21E5C /* Member.m */; };
		4FE36CDB1A1CEF3200D21E5C /* SearchSongView.m in Sources */ = {isa = PBXBuildFile; fileRef = 4FE36CD51A1CEF3200D21E5C /* SearchSongView.m */; };
		4FE36CDC1A1CEF3200D21E5C /* SongView.m in Sources */ = {isa = PBXBuildFile; fileRef = 4FE36CD71A1CEF3200D21E5C /* SongView.m */; };
		4FE36D1E1A1CF0E700D21E5C /* ParserTests.m in Sources */ = {isa = PBXBuildFile; fileRef = 4FE36D1D1A1CF0E600D21E5C /* ParserTests.m */; };
		4FE36D211A1D142F00D21E5C /* SpotifyRetriever.m in Sources */ = {isa = PBXBuildFile; fileRef = 4FE36D201A1D142F00D21E5C /* SpotifyRetriever.m */; };
		4FE36D231A1D21E300D21E5C /* SpotifyRetrieverTests.m in Sources */ = {isa = PBXBuildFile; fileRef = 4FE36D221A1D21E300D21E5C /* SpotifyRetrieverTests.m */; };
		4FE36D271A1D645A00D21E5C /* SongRoomView.m in Sources */ = {isa = PBXBuildFile; fileRef = 4FE36D261A1D645A00D21E5C /* SongRoomView.m */; };
		4FE36D621A1E701100D21E5C /* SongView.xib in Resources */ = {isa = PBXBuildFile; fileRef = 4FE36D611A1E701100D21E5C /* SongView.xib */; };
		4FF5539A1A266A5A0062B600 /* TabBarController.m in Sources */ = {isa = PBXBuildFile; fileRef = 4FF553991A266A5A0062B600 /* TabBarController.m */; };
		4FF5539D1A266C740062B600 /* RoomNavigationController.m in Sources */ = {isa = PBXBuildFile; fileRef = 4FF5539C1A266C740062B600 /* RoomNavigationController.m */; };
		4FF553A61A267B650062B600 /* SongDetailViewController.m in Sources */ = {isa = PBXBuildFile; fileRef = 4FF553A41A267B650062B600 /* SongDetailViewController.m */; };
		4FF553A71A267B650062B600 /* SongDetailViewController.xib in Resources */ = {isa = PBXBuildFile; fileRef = 4FF553A51A267B650062B600 /* SongDetailViewController.xib */; };
		5223534D1A143007008782E6 /* Spotify.framework in Frameworks */ = {isa = PBXBuildFile; fileRef = 5223534C1A143007008782E6 /* Spotify.framework */; };
		5223534E1A143007008782E6 /* Spotify.framework in Frameworks */ = {isa = PBXBuildFile; fileRef = 5223534C1A143007008782E6 /* Spotify.framework */; };
		522353501A14333B008782E6 /* AVFoundation.framework in Frameworks */ = {isa = PBXBuildFile; fileRef = 5223534F1A14333B008782E6 /* AVFoundation.framework */; };
		828AA1481A256E53004C2868 /* Admin.m in Sources */ = {isa = PBXBuildFile; fileRef = 828AA1471A256E53004C2868 /* Admin.m */; };
		82A939DD1A1AFC1000CB7E45 /* Parser.m in Sources */ = {isa = PBXBuildFile; fileRef = 82A939DC1A1AFC1000CB7E45 /* Parser.m */; };
/* End PBXBuildFile section */

/* Begin PBXContainerItemProxy section */
		4F47BB0A1A12E09800660967 /* PBXContainerItemProxy */ = {
			isa = PBXContainerItemProxy;
			containerPortal = 4F47BAE81A12E09800660967 /* Project object */;
			proxyType = 1;
			remoteGlobalIDString = 4F47BAEF1A12E09800660967;
			remoteInfo = PlaylistManager;
		};
/* End PBXContainerItemProxy section */

/* Begin PBXFileReference section */
		3B7F3B2B1A1D24CD00123649 /* FindSongroomViewController.h */ = {isa = PBXFileReference; fileEncoding = 4; lastKnownFileType = sourcecode.c.h; path = FindSongroomViewController.h; sourceTree = "<group>"; };
		3B7F3B2C1A1D24CD00123649 /* FindSongroomViewController.m */ = {isa = PBXFileReference; fileEncoding = 4; lastKnownFileType = sourcecode.c.objc; path = FindSongroomViewController.m; sourceTree = "<group>"; };
		3B7F3B2D1A1D24CD00123649 /* GuestListViewController.h */ = {isa = PBXFileReference; fileEncoding = 4; lastKnownFileType = sourcecode.c.h; path = GuestListViewController.h; sourceTree = "<group>"; };
		3B7F3B2E1A1D24CD00123649 /* GuestListViewController.m */ = {isa = PBXFileReference; fileEncoding = 4; lastKnownFileType = sourcecode.c.objc; path = GuestListViewController.m; sourceTree = "<group>"; };
		3B7F3B2F1A1D24CD00123649 /* HistoryViewController.h */ = {isa = PBXFileReference; fileEncoding = 4; lastKnownFileType = sourcecode.c.h; path = HistoryViewController.h; sourceTree = "<group>"; };
		3B7F3B301A1D24CD00123649 /* HistoryViewController.m */ = {isa = PBXFileReference; fileEncoding = 4; lastKnownFileType = sourcecode.c.objc; path = HistoryViewController.m; sourceTree = "<group>"; };
		3B7F3B341A1D252100123649 /* PlaylistViewController.h */ = {isa = PBXFileReference; fileEncoding = 4; lastKnownFileType = sourcecode.c.h; path = PlaylistViewController.h; sourceTree = "<group>"; };
		3B7F3B351A1D252100123649 /* PlaylistViewController.m */ = {isa = PBXFileReference; fileEncoding = 4; lastKnownFileType = sourcecode.c.objc; path = PlaylistViewController.m; sourceTree = "<group>"; };
		3B7F3B371A1D4F1200123649 /* SelectPlaylistTableViewController.h */ = {isa = PBXFileReference; fileEncoding = 4; lastKnownFileType = sourcecode.c.h; path = SelectPlaylistTableViewController.h; sourceTree = "<group>"; };
		3B7F3B381A1D4F1200123649 /* SelectPlaylistTableViewController.m */ = {isa = PBXFileReference; fileEncoding = 4; lastKnownFileType = sourcecode.c.objc; path = SelectPlaylistTableViewController.m; sourceTree = "<group>"; };
		3BC42C0B1A22DCF200880769 /* PlaylistView.xib */ = {isa = PBXFileReference; fileEncoding = 4; lastKnownFileType = file.xib; path = PlaylistView.xib; sourceTree = "<group>"; };
		4F0D1A121A257D3300BE4412 /* PlaylistTableView.h */ = {isa = PBXFileReference; fileEncoding = 4; lastKnownFileType = sourcecode.c.h; path = PlaylistTableView.h; sourceTree = "<group>"; };
		4F0D1A131A257D3300BE4412 /* PlaylistTableView.m */ = {isa = PBXFileReference; fileEncoding = 4; lastKnownFileType = sourcecode.c.objc; path = PlaylistTableView.m; sourceTree = "<group>"; };
		4F0D1A141A257D3300BE4412 /* PlaylistTableViewController.h */ = {isa = PBXFileReference; fileEncoding = 4; lastKnownFileType = sourcecode.c.h; path = PlaylistTableViewController.h; sourceTree = "<group>"; };
		4F0D1A151A257D3300BE4412 /* PlaylistTableViewController.m */ = {isa = PBXFileReference; fileEncoding = 4; lastKnownFileType = sourcecode.c.objc; path = PlaylistTableViewController.m; sourceTree = "<group>"; };
		4F0D1A161A257D3300BE4412 /* SongTableViewCell.h */ = {isa = PBXFileReference; fileEncoding = 4; lastKnownFileType = sourcecode.c.h; path = SongTableViewCell.h; sourceTree = "<group>"; };
		4F0D1A171A257D3300BE4412 /* SongTableViewCell.m */ = {isa = PBXFileReference; fileEncoding = 4; lastKnownFileType = sourcecode.c.objc; path = SongTableViewCell.m; sourceTree = "<group>"; };
		4F2945CE1A26B1A1001B006A /* PlaybackViewController.h */ = {isa = PBXFileReference; fileEncoding = 4; lastKnownFileType = sourcecode.c.h; path = PlaybackViewController.h; sourceTree = "<group>"; };
		4F2945CF1A26B1A1001B006A /* PlaybackViewController.m */ = {isa = PBXFileReference; fileEncoding = 4; lastKnownFileType = sourcecode.c.objc; path = PlaybackViewController.m; sourceTree = "<group>"; };
		4F2945D01A26B1A1001B006A /* PlaybackViewController.xib */ = {isa = PBXFileReference; fileEncoding = 4; lastKnownFileType = file.xib; path = PlaybackViewController.xib; sourceTree = "<group>"; };
		4F2945D31A26CA52001B006A /* GuestListTableViewController.h */ = {isa = PBXFileReference; fileEncoding = 4; lastKnownFileType = sourcecode.c.h; path = GuestListTableViewController.h; sourceTree = "<group>"; };
		4F2945D41A26CA52001B006A /* GuestListTableViewController.m */ = {isa = PBXFileReference; fileEncoding = 4; lastKnownFileType = sourcecode.c.objc; path = GuestListTableViewController.m; sourceTree = "<group>"; };
		4F2945D61A26D6F3001B006A /* RefreshTableViewController.h */ = {isa = PBXFileReference; fileEncoding = 4; lastKnownFileType = sourcecode.c.h; path = RefreshTableViewController.h; sourceTree = "<group>"; };
		4F2945D71A26D6F3001B006A /* RefreshTableViewController.m */ = {isa = PBXFileReference; fileEncoding = 4; lastKnownFileType = sourcecode.c.objc; path = RefreshTableViewController.m; sourceTree = "<group>"; };
		4F47BAF01A12E09800660967 /* PlaylistManager.app */ = {isa = PBXFileReference; explicitFileType = wrapper.application; includeInIndex = 0; path = PlaylistManager.app; sourceTree = BUILT_PRODUCTS_DIR; };
		4F47BAF41A12E09800660967 /* Info.plist */ = {isa = PBXFileReference; lastKnownFileType = text.plist.xml; path = Info.plist; sourceTree = "<group>"; };
		4F47BAF51A12E09800660967 /* main.m */ = {isa = PBXFileReference; lastKnownFileType = sourcecode.c.objc; path = main.m; sourceTree = "<group>"; };
		4F47BAF71A12E09800660967 /* AppDelegate.h */ = {isa = PBXFileReference; lastKnownFileType = sourcecode.c.h; path = AppDelegate.h; sourceTree = "<group>"; };
		4F47BAF81A12E09800660967 /* AppDelegate.m */ = {isa = PBXFileReference; lastKnownFileType = sourcecode.c.objc; path = AppDelegate.m; sourceTree = "<group>"; };
		4F47BAFA1A12E09800660967 /* ViewController.h */ = {isa = PBXFileReference; lastKnownFileType = sourcecode.c.h; path = ViewController.h; sourceTree = "<group>"; };
		4F47BAFB1A12E09800660967 /* ViewController.m */ = {isa = PBXFileReference; lastKnownFileType = sourcecode.c.objc; path = ViewController.m; sourceTree = "<group>"; };
		4F47BAFE1A12E09800660967 /* Base */ = {isa = PBXFileReference; lastKnownFileType = file.storyboard; name = Base; path = Base.lproj/Main.storyboard; sourceTree = "<group>"; };
		4F47BB001A12E09800660967 /* Images.xcassets */ = {isa = PBXFileReference; lastKnownFileType = folder.assetcatalog; path = Images.xcassets; sourceTree = "<group>"; };
		4F47BB031A12E09800660967 /* Base */ = {isa = PBXFileReference; lastKnownFileType = file.xib; name = Base; path = Base.lproj/LaunchScreen.xib; sourceTree = "<group>"; };
		4F47BB091A12E09800660967 /* PlaylistManagerTests.xctest */ = {isa = PBXFileReference; explicitFileType = wrapper.cfbundle; includeInIndex = 0; path = PlaylistManagerTests.xctest; sourceTree = BUILT_PRODUCTS_DIR; };
		4F47BB0E1A12E09800660967 /* Info.plist */ = {isa = PBXFileReference; lastKnownFileType = text.plist.xml; path = Info.plist; sourceTree = "<group>"; };
		4F47BB191A12E0DC00660967 /* Song.h */ = {isa = PBXFileReference; fileEncoding = 4; lastKnownFileType = sourcecode.c.h; path = Song.h; sourceTree = "<group>"; };
		4F47BB1A1A12E0DC00660967 /* Song.m */ = {isa = PBXFileReference; fileEncoding = 4; lastKnownFileType = sourcecode.c.objc; path = Song.m; sourceTree = "<group>"; };
		4F47BB1B1A12E0DC00660967 /* SongQueue.h */ = {isa = PBXFileReference; fileEncoding = 4; lastKnownFileType = sourcecode.c.h; path = SongQueue.h; sourceTree = "<group>"; };
		4F47BB1C1A12E0DC00660967 /* SongQueue.m */ = {isa = PBXFileReference; fileEncoding = 4; lastKnownFileType = sourcecode.c.objc; path = SongQueue.m; sourceTree = "<group>"; };
		4F47BB1D1A12E0DC00660967 /* SongRoom.h */ = {isa = PBXFileReference; fileEncoding = 4; lastKnownFileType = sourcecode.c.h; path = SongRoom.h; sourceTree = "<group>"; };
		4F47BB1E1A12E0DC00660967 /* SongRoom.m */ = {isa = PBXFileReference; fileEncoding = 4; lastKnownFileType = sourcecode.c.objc; path = SongRoom.m; sourceTree = "<group>"; };
		4F47BB1F1A12E0DC00660967 /* UnsortedSongQueue.h */ = {isa = PBXFileReference; fileEncoding = 4; lastKnownFileType = sourcecode.c.h; path = UnsortedSongQueue.h; sourceTree = "<group>"; };
		4F47BB201A12E0DC00660967 /* UnsortedSongQueue.m */ = {isa = PBXFileReference; fileEncoding = 4; lastKnownFileType = sourcecode.c.objc; path = UnsortedSongQueue.m; sourceTree = "<group>"; };
		4F47BB211A12E0DC00660967 /* User.h */ = {isa = PBXFileReference; fileEncoding = 4; lastKnownFileType = sourcecode.c.h; path = User.h; sourceTree = "<group>"; };
		4F47BB221A12E0DC00660967 /* User.m */ = {isa = PBXFileReference; fileEncoding = 4; lastKnownFileType = sourcecode.c.objc; path = User.m; sourceTree = "<group>"; };
		4F47BB231A12E0DC00660967 /* VoteBox.h */ = {isa = PBXFileReference; fileEncoding = 4; lastKnownFileType = sourcecode.c.h; path = VoteBox.h; sourceTree = "<group>"; };
		4F47BB241A12E0DC00660967 /* VoteBox.m */ = {isa = PBXFileReference; fileEncoding = 4; lastKnownFileType = sourcecode.c.objc; path = VoteBox.m; sourceTree = "<group>"; };
		4F47BB2B1A12E10000660967 /* SongQueueTests.m */ = {isa = PBXFileReference; fileEncoding = 4; lastKnownFileType = sourcecode.c.objc; path = SongQueueTests.m; sourceTree = "<group>"; };
		4F47BB2C1A12E10000660967 /* SongRoomTests.m */ = {isa = PBXFileReference; fileEncoding = 4; lastKnownFileType = sourcecode.c.objc; path = SongRoomTests.m; sourceTree = "<group>"; };
		4F47BB2D1A12E10000660967 /* SongTests.m */ = {isa = PBXFileReference; fileEncoding = 4; lastKnownFileType = sourcecode.c.objc; path = SongTests.m; sourceTree = "<group>"; };
		4F47BB2E1A12E10000660967 /* UnsortedSongQueueTests.m */ = {isa = PBXFileReference; fileEncoding = 4; lastKnownFileType = sourcecode.c.objc; path = UnsortedSongQueueTests.m; sourceTree = "<group>"; };
		4F47BB2F1A12E10000660967 /* UserTests.m */ = {isa = PBXFileReference; fileEncoding = 4; lastKnownFileType = sourcecode.c.objc; path = UserTests.m; sourceTree = "<group>"; };
		4F47BB301A12E10000660967 /* VoteBoxTests.m */ = {isa = PBXFileReference; fileEncoding = 4; lastKnownFileType = sourcecode.c.objc; path = VoteBoxTests.m; sourceTree = "<group>"; };
		4F47BC271A1529DA00660967 /* ServerTests.m */ = {isa = PBXFileReference; fileEncoding = 4; lastKnownFileType = sourcecode.c.objc; path = ServerTests.m; sourceTree = "<group>"; };
		4F47BC291A1529EE00660967 /* Client.h */ = {isa = PBXFileReference; fileEncoding = 4; lastKnownFileType = sourcecode.c.h; path = Client.h; sourceTree = "<group>"; };
		4F47BC2A1A1529EE00660967 /* Client.m */ = {isa = PBXFileReference; fileEncoding = 4; lastKnownFileType = sourcecode.c.objc; path = Client.m; sourceTree = "<group>"; };
		4F47BC2B1A1529EE00660967 /* Server.h */ = {isa = PBXFileReference; fileEncoding = 4; lastKnownFileType = sourcecode.c.h; path = Server.h; sourceTree = "<group>"; };
		4F47BC2C1A1529EE00660967 /* Server.m */ = {isa = PBXFileReference; fileEncoding = 4; lastKnownFileType = sourcecode.c.objc; path = Server.m; sourceTree = "<group>"; };
		4F47BC2D1A1529EE00660967 /* ServerConnection.h */ = {isa = PBXFileReference; fileEncoding = 4; lastKnownFileType = sourcecode.c.h; path = ServerConnection.h; sourceTree = "<group>"; };
		4F47BC2E1A1529EE00660967 /* ServerConnection.m */ = {isa = PBXFileReference; fileEncoding = 4; lastKnownFileType = sourcecode.c.objc; path = ServerConnection.m; sourceTree = "<group>"; };
		4FD4AB141A2633A900D91D54 /* PlaylistNavigationController.h */ = {isa = PBXFileReference; fileEncoding = 4; lastKnownFileType = sourcecode.c.h; path = PlaylistNavigationController.h; sourceTree = "<group>"; };
		4FD4AB151A2633A900D91D54 /* PlaylistNavigationController.m */ = {isa = PBXFileReference; fileEncoding = 4; lastKnownFileType = sourcecode.c.objc; path = PlaylistNavigationController.m; sourceTree = "<group>"; };
		4FD4AB171A26390800D91D54 /* SearchViewController.h */ = {isa = PBXFileReference; fileEncoding = 4; lastKnownFileType = sourcecode.c.h; path = SearchViewController.h; sourceTree = "<group>"; };
		4FD4AB181A26390800D91D54 /* SearchViewController.m */ = {isa = PBXFileReference; fileEncoding = 4; lastKnownFileType = sourcecode.c.objc; path = SearchViewController.m; sourceTree = "<group>"; };
		4FD4AB1A1A263D1B00D91D54 /* SongSearchView.h */ = {isa = PBXFileReference; fileEncoding = 4; lastKnownFileType = sourcecode.c.h; path = SongSearchView.h; sourceTree = "<group>"; };
		4FD4AB1B1A263D1B00D91D54 /* SongSearchView.m */ = {isa = PBXFileReference; fileEncoding = 4; lastKnownFileType = sourcecode.c.objc; path = SongSearchView.m; sourceTree = "<group>"; };
		4FE36CC41A1CEB4400D21E5C /* AdminMemberTests.m */ = {isa = PBXFileReference; fileEncoding = 4; lastKnownFileType = sourcecode.c.objc; path = AdminMemberTests.m; sourceTree = "<group>"; };
		4FE36CCF1A1CEF3200D21E5C /* Admin.h */ = {isa = PBXFileReference; fileEncoding = 4; lastKnownFileType = sourcecode.c.h; path = Admin.h; sourceTree = "<group>"; };
		4FE36CD11A1CEF3200D21E5C /* Member.h */ = {isa = PBXFileReference; fileEncoding = 4; lastKnownFileType = sourcecode.c.h; path = Member.h; sourceTree = "<group>"; };
		4FE36CD21A1CEF3200D21E5C /* Member.m */ = {isa = PBXFileReference; fileEncoding = 4; lastKnownFileType = sourcecode.c.objc; path = Member.m; sourceTree = "<group>"; };
		4FE36CD41A1CEF3200D21E5C /* SearchSongView.h */ = {isa = PBXFileReference; fileEncoding = 4; lastKnownFileType = sourcecode.c.h; path = SearchSongView.h; sourceTree = "<group>"; };
		4FE36CD51A1CEF3200D21E5C /* SearchSongView.m */ = {isa = PBXFileReference; fileEncoding = 4; lastKnownFileType = sourcecode.c.objc; path = SearchSongView.m; sourceTree = "<group>"; };
		4FE36CD61A1CEF3200D21E5C /* SongView.h */ = {isa = PBXFileReference; fileEncoding = 4; lastKnownFileType = sourcecode.c.h; path = SongView.h; sourceTree = "<group>"; };
		4FE36CD71A1CEF3200D21E5C /* SongView.m */ = {isa = PBXFileReference; fileEncoding = 4; lastKnownFileType = sourcecode.c.objc; path = SongView.m; sourceTree = "<group>"; };
		4FE36D1D1A1CF0E600D21E5C /* ParserTests.m */ = {isa = PBXFileReference; fileEncoding = 4; lastKnownFileType = sourcecode.c.objc; path = ParserTests.m; sourceTree = "<group>"; };
		4FE36D1F1A1D142F00D21E5C /* SpotifyRetriever.h */ = {isa = PBXFileReference; fileEncoding = 4; lastKnownFileType = sourcecode.c.h; path = SpotifyRetriever.h; sourceTree = "<group>"; };
		4FE36D201A1D142F00D21E5C /* SpotifyRetriever.m */ = {isa = PBXFileReference; fileEncoding = 4; lastKnownFileType = sourcecode.c.objc; path = SpotifyRetriever.m; sourceTree = "<group>"; };
		4FE36D221A1D21E300D21E5C /* SpotifyRetrieverTests.m */ = {isa = PBXFileReference; fileEncoding = 4; lastKnownFileType = sourcecode.c.objc; path = SpotifyRetrieverTests.m; sourceTree = "<group>"; };
		4FE36D251A1D645A00D21E5C /* SongRoomView.h */ = {isa = PBXFileReference; fileEncoding = 4; lastKnownFileType = sourcecode.c.h; path = SongRoomView.h; sourceTree = "<group>"; };
		4FE36D261A1D645A00D21E5C /* SongRoomView.m */ = {isa = PBXFileReference; fileEncoding = 4; lastKnownFileType = sourcecode.c.objc; path = SongRoomView.m; sourceTree = "<group>"; };
		4FE36D611A1E701100D21E5C /* SongView.xib */ = {isa = PBXFileReference; fileEncoding = 4; lastKnownFileType = file.xib; path = SongView.xib; sourceTree = "<group>"; };
		4FF553981A266A5A0062B600 /* TabBarController.h */ = {isa = PBXFileReference; fileEncoding = 4; lastKnownFileType = sourcecode.c.h; path = TabBarController.h; sourceTree = "<group>"; };
		4FF553991A266A5A0062B600 /* TabBarController.m */ = {isa = PBXFileReference; fileEncoding = 4; lastKnownFileType = sourcecode.c.objc; path = TabBarController.m; sourceTree = "<group>"; };
		4FF5539B1A266C740062B600 /* RoomNavigationController.h */ = {isa = PBXFileReference; fileEncoding = 4; lastKnownFileType = sourcecode.c.h; path = RoomNavigationController.h; sourceTree = "<group>"; };
		4FF5539C1A266C740062B600 /* RoomNavigationController.m */ = {isa = PBXFileReference; fileEncoding = 4; lastKnownFileType = sourcecode.c.objc; path = RoomNavigationController.m; sourceTree = "<group>"; };
		4FF553A31A267B650062B600 /* SongDetailViewController.h */ = {isa = PBXFileReference; fileEncoding = 4; lastKnownFileType = sourcecode.c.h; path = SongDetailViewController.h; sourceTree = "<group>"; };
		4FF553A41A267B650062B600 /* SongDetailViewController.m */ = {isa = PBXFileReference; fileEncoding = 4; lastKnownFileType = sourcecode.c.objc; path = SongDetailViewController.m; sourceTree = "<group>"; };
		4FF553A51A267B650062B600 /* SongDetailViewController.xib */ = {isa = PBXFileReference; fileEncoding = 4; lastKnownFileType = file.xib; path = SongDetailViewController.xib; sourceTree = "<group>"; };
		5223534C1A143007008782E6 /* Spotify.framework */ = {isa = PBXFileReference; lastKnownFileType = wrapper.framework; path = Spotify.framework; sourceTree = "<group>"; };
		5223534F1A14333B008782E6 /* AVFoundation.framework */ = {isa = PBXFileReference; lastKnownFileType = wrapper.framework; name = AVFoundation.framework; path = System/Library/Frameworks/AVFoundation.framework; sourceTree = SDKROOT; };
		828AA1471A256E53004C2868 /* Admin.m */ = {isa = PBXFileReference; fileEncoding = 4; lastKnownFileType = sourcecode.c.objc; path = Admin.m; sourceTree = "<group>"; };
		82A939DB1A1AFBFB00CB7E45 /* Parser.h */ = {isa = PBXFileReference; lastKnownFileType = sourcecode.c.h; path = Parser.h; sourceTree = "<group>"; };
		82A939DC1A1AFC1000CB7E45 /* Parser.m */ = {isa = PBXFileReference; fileEncoding = 4; lastKnownFileType = sourcecode.c.objc; path = Parser.m; sourceTree = "<group>"; };
/* End PBXFileReference section */

/* Begin PBXFrameworksBuildPhase section */
		4F47BAED1A12E09800660967 /* Frameworks */ = {
			isa = PBXFrameworksBuildPhase;
			buildActionMask = 2147483647;
			files = (
				522353501A14333B008782E6 /* AVFoundation.framework in Frameworks */,
				5223534D1A143007008782E6 /* Spotify.framework in Frameworks */,
			);
			runOnlyForDeploymentPostprocessing = 0;
		};
		4F47BB061A12E09800660967 /* Frameworks */ = {
			isa = PBXFrameworksBuildPhase;
			buildActionMask = 2147483647;
			files = (
				5223534E1A143007008782E6 /* Spotify.framework in Frameworks */,
			);
			runOnlyForDeploymentPostprocessing = 0;
		};
/* End PBXFrameworksBuildPhase section */

/* Begin PBXGroup section */
		4F47BAE71A12E09800660967 = {
			isa = PBXGroup;
			children = (
				5223534B1A142FD4008782E6 /* Frameworks */,
				4F47BAF21A12E09800660967 /* PlaylistManager */,
				4F47BB0C1A12E09800660967 /* PlaylistManagerTests */,
				4F47BAF11A12E09800660967 /* Products */,
			);
			sourceTree = "<group>";
		};
		4F47BAF11A12E09800660967 /* Products */ = {
			isa = PBXGroup;
			children = (
				4F47BAF01A12E09800660967 /* PlaylistManager.app */,
				4F47BB091A12E09800660967 /* PlaylistManagerTests.xctest */,
			);
			name = Products;
			sourceTree = "<group>";
		};
		4F47BAF21A12E09800660967 /* PlaylistManager */ = {
			isa = PBXGroup;
			children = (
				4F47BAF71A12E09800660967 /* AppDelegate.h */,
				4F47BAF81A12E09800660967 /* AppDelegate.m */,
				4F47BAFA1A12E09800660967 /* ViewController.h */,
				4F47BAFB1A12E09800660967 /* ViewController.m */,
				4FF553981A266A5A0062B600 /* TabBarController.h */,
				4FF553991A266A5A0062B600 /* TabBarController.m */,
				82A939DB1A1AFBFB00CB7E45 /* Parser.h */,
				82A939DC1A1AFC1000CB7E45 /* Parser.m */,
				4FE36D1F1A1D142F00D21E5C /* SpotifyRetriever.h */,
				4FE36D201A1D142F00D21E5C /* SpotifyRetriever.m */,
				4FF5539F1A2676410062B600 /* History UI */,
				4FF5539E1A2675EA0062B600 /* Playlist UI */,
				4FE36D241A1D43FC00D21E5C /* Controllers */,
				4FE36D1C1A1CEF9500D21E5C /* Views */,
				4FAA9B4F1A152FE20060F704 /* Models */,
				4FAA9B4E1A152FCA0060F704 /* Server */,
				4F47BAFD1A12E09800660967 /* Main.storyboard */,
				4F47BB001A12E09800660967 /* Images.xcassets */,
				4F47BB021A12E09800660967 /* LaunchScreen.xib */,
				4F47BAF31A12E09800660967 /* Supporting Files */,
			);
			path = PlaylistManager;
			sourceTree = "<group>";
		};
		4F47BAF31A12E09800660967 /* Supporting Files */ = {
			isa = PBXGroup;
			children = (
				4F47BAF41A12E09800660967 /* Info.plist */,
				4F47BAF51A12E09800660967 /* main.m */,
			);
			name = "Supporting Files";
			sourceTree = "<group>";
		};
		4F47BB0C1A12E09800660967 /* PlaylistManagerTests */ = {
			isa = PBXGroup;
			children = (
				4FE36CC41A1CEB4400D21E5C /* AdminMemberTests.m */,
				4FE36D221A1D21E300D21E5C /* SpotifyRetrieverTests.m */,
				4F47BB2B1A12E10000660967 /* SongQueueTests.m */,
				4FE36D1D1A1CF0E600D21E5C /* ParserTests.m */,
				4F47BB2C1A12E10000660967 /* SongRoomTests.m */,
				4F47BC271A1529DA00660967 /* ServerTests.m */,
				4F47BB2D1A12E10000660967 /* SongTests.m */,
				4F47BB2E1A12E10000660967 /* UnsortedSongQueueTests.m */,
				4F47BB2F1A12E10000660967 /* UserTests.m */,
				4F47BB301A12E10000660967 /* VoteBoxTests.m */,
				4F47BB0D1A12E09800660967 /* Supporting Files */,
			);
			path = PlaylistManagerTests;
			sourceTree = "<group>";
		};
		4F47BB0D1A12E09800660967 /* Supporting Files */ = {
			isa = PBXGroup;
			children = (
				4F47BB0E1A12E09800660967 /* Info.plist */,
			);
			name = "Supporting Files";
			sourceTree = "<group>";
		};
		4FAA9B4E1A152FCA0060F704 /* Server */ = {
			isa = PBXGroup;
			children = (
				4F47BC291A1529EE00660967 /* Client.h */,
				4F47BC2A1A1529EE00660967 /* Client.m */,
				4F47BC2B1A1529EE00660967 /* Server.h */,
				4F47BC2C1A1529EE00660967 /* Server.m */,
				4F47BC2D1A1529EE00660967 /* ServerConnection.h */,
				4F47BC2E1A1529EE00660967 /* ServerConnection.m */,
			);
			name = Server;
			sourceTree = "<group>";
		};
		4FAA9B4F1A152FE20060F704 /* Models */ = {
			isa = PBXGroup;
			children = (
				4FE36CCF1A1CEF3200D21E5C /* Admin.h */,
				828AA1471A256E53004C2868 /* Admin.m */,
				4FE36CD11A1CEF3200D21E5C /* Member.h */,
				4FE36CD21A1CEF3200D21E5C /* Member.m */,
				4F47BB191A12E0DC00660967 /* Song.h */,
				4F47BB1A1A12E0DC00660967 /* Song.m */,
				4F47BB1B1A12E0DC00660967 /* SongQueue.h */,
				4F47BB1C1A12E0DC00660967 /* SongQueue.m */,
				4F47BB1D1A12E0DC00660967 /* SongRoom.h */,
				4F47BB1E1A12E0DC00660967 /* SongRoom.m */,
				4F47BB1F1A12E0DC00660967 /* UnsortedSongQueue.h */,
				4F47BB201A12E0DC00660967 /* UnsortedSongQueue.m */,
				4F47BB211A12E0DC00660967 /* User.h */,
				4F47BB221A12E0DC00660967 /* User.m */,
				4F47BB231A12E0DC00660967 /* VoteBox.h */,
				4F47BB241A12E0DC00660967 /* VoteBox.m */,
			);
			name = Models;
			sourceTree = "<group>";
		};
		4FE36D1C1A1CEF9500D21E5C /* Views */ = {
			isa = PBXGroup;
			children = (
				4FD4AB1A1A263D1B00D91D54 /* SongSearchView.h */,
				4FD4AB1B1A263D1B00D91D54 /* SongSearchView.m */,
				4FE36CD41A1CEF3200D21E5C /* SearchSongView.h */,
				4FE36CD51A1CEF3200D21E5C /* SearchSongView.m */,
				4FE36CD61A1CEF3200D21E5C /* SongView.h */,
				4FE36CD71A1CEF3200D21E5C /* SongView.m */,
				4FE36D611A1E701100D21E5C /* SongView.xib */,
				4FE36D251A1D645A00D21E5C /* SongRoomView.h */,
				4FE36D261A1D645A00D21E5C /* SongRoomView.m */,
				3BC42C0B1A22DCF200880769 /* PlaylistView.xib */,
			);
			name = Views;
			sourceTree = "<group>";
		};
		4FE36D241A1D43FC00D21E5C /* Controllers */ = {
			isa = PBXGroup;
			children = (
				3B7F3B341A1D252100123649 /* PlaylistViewController.h */,
				3B7F3B351A1D252100123649 /* PlaylistViewController.m */,
				3B7F3B2B1A1D24CD00123649 /* FindSongroomViewController.h */,
				3B7F3B2C1A1D24CD00123649 /* FindSongroomViewController.m */,
				3B7F3B2D1A1D24CD00123649 /* GuestListViewController.h */,
				3B7F3B2E1A1D24CD00123649 /* GuestListViewController.m */,
				3B7F3B371A1D4F1200123649 /* SelectPlaylistTableViewController.h */,
				3B7F3B381A1D4F1200123649 /* SelectPlaylistTableViewController.m */,
				4FF5539B1A266C740062B600 /* RoomNavigationController.h */,
				4FF5539C1A266C740062B600 /* RoomNavigationController.m */,
				4F2945D31A26CA52001B006A /* GuestListTableViewController.h */,
				4F2945D41A26CA52001B006A /* GuestListTableViewController.m */,
			);
			name = Controllers;
			sourceTree = "<group>";
		};
		4FF5539E1A2675EA0062B600 /* Playlist UI */ = {
			isa = PBXGroup;
			children = (
				4F0D1A141A257D3300BE4412 /* PlaylistTableViewController.h */,
				4F0D1A151A257D3300BE4412 /* PlaylistTableViewController.m */,
				4FD4AB141A2633A900D91D54 /* PlaylistNavigationController.h */,
				4FD4AB151A2633A900D91D54 /* PlaylistNavigationController.m */,
				4FD4AB171A26390800D91D54 /* SearchViewController.h */,
				4FD4AB181A26390800D91D54 /* SearchViewController.m */,
				4F0D1A121A257D3300BE4412 /* PlaylistTableView.h */,
				4F0D1A131A257D3300BE4412 /* PlaylistTableView.m */,
				4F0D1A161A257D3300BE4412 /* SongTableViewCell.h */,
				4F0D1A171A257D3300BE4412 /* SongTableViewCell.m */,
				4FF553A31A267B650062B600 /* SongDetailViewController.h */,
				4FF553A41A267B650062B600 /* SongDetailViewController.m */,
				4FF553A51A267B650062B600 /* SongDetailViewController.xib */,
				4F2945CE1A26B1A1001B006A /* PlaybackViewController.h */,
				4F2945CF1A26B1A1001B006A /* PlaybackViewController.m */,
				4F2945D01A26B1A1001B006A /* PlaybackViewController.xib */,
				4F2945D61A26D6F3001B006A /* RefreshTableViewController.h */,
				4F2945D71A26D6F3001B006A /* RefreshTableViewController.m */,
			);
			name = "Playlist UI";
			sourceTree = "<group>";
		};
		4FF5539F1A2676410062B600 /* History UI */ = {
			isa = PBXGroup;
			children = (
				3B7F3B2F1A1D24CD00123649 /* HistoryViewController.h */,
				3B7F3B301A1D24CD00123649 /* HistoryViewController.m */,
			);
			name = "History UI";
			sourceTree = "<group>";
		};
		5223534B1A142FD4008782E6 /* Frameworks */ = {
			isa = PBXGroup;
			children = (
				5223534F1A14333B008782E6 /* AVFoundation.framework */,
				5223534C1A143007008782E6 /* Spotify.framework */,
			);
			name = Frameworks;
			sourceTree = "<group>";
		};
/* End PBXGroup section */

/* Begin PBXNativeTarget section */
		4F47BAEF1A12E09800660967 /* PlaylistManager */ = {
			isa = PBXNativeTarget;
			buildConfigurationList = 4F47BB131A12E09800660967 /* Build configuration list for PBXNativeTarget "PlaylistManager" */;
			buildPhases = (
				4F47BAEC1A12E09800660967 /* Sources */,
				4F47BAED1A12E09800660967 /* Frameworks */,
				4F47BAEE1A12E09800660967 /* Resources */,
			);
			buildRules = (
			);
			dependencies = (
			);
			name = PlaylistManager;
			productName = PlaylistManager;
			productReference = 4F47BAF01A12E09800660967 /* PlaylistManager.app */;
			productType = "com.apple.product-type.application";
		};
		4F47BB081A12E09800660967 /* PlaylistManagerTests */ = {
			isa = PBXNativeTarget;
			buildConfigurationList = 4F47BB161A12E09800660967 /* Build configuration list for PBXNativeTarget "PlaylistManagerTests" */;
			buildPhases = (
				4F47BB051A12E09800660967 /* Sources */,
				4F47BB061A12E09800660967 /* Frameworks */,
				4F47BB071A12E09800660967 /* Resources */,
			);
			buildRules = (
			);
			dependencies = (
				4F47BB0B1A12E09800660967 /* PBXTargetDependency */,
			);
			name = PlaylistManagerTests;
			productName = PlaylistManagerTests;
			productReference = 4F47BB091A12E09800660967 /* PlaylistManagerTests.xctest */;
			productType = "com.apple.product-type.bundle.unit-test";
		};
/* End PBXNativeTarget section */

/* Begin PBXProject section */
		4F47BAE81A12E09800660967 /* Project object */ = {
			isa = PBXProject;
			attributes = {
				LastUpgradeCheck = 0610;
				ORGANIZATIONNAME = "Elliott Ding";
				TargetAttributes = {
					4F47BAEF1A12E09800660967 = {
						CreatedOnToolsVersion = 6.1;
					};
					4F47BB081A12E09800660967 = {
						CreatedOnToolsVersion = 6.1;
						TestTargetID = 4F47BAEF1A12E09800660967;
					};
				};
			};
			buildConfigurationList = 4F47BAEB1A12E09800660967 /* Build configuration list for PBXProject "PlaylistManager" */;
			compatibilityVersion = "Xcode 3.2";
			developmentRegion = English;
			hasScannedForEncodings = 0;
			knownRegions = (
				en,
				Base,
			);
			mainGroup = 4F47BAE71A12E09800660967;
			productRefGroup = 4F47BAF11A12E09800660967 /* Products */;
			projectDirPath = "";
			projectRoot = "";
			targets = (
				4F47BAEF1A12E09800660967 /* PlaylistManager */,
				4F47BB081A12E09800660967 /* PlaylistManagerTests */,
			);
		};
/* End PBXProject section */

/* Begin PBXResourcesBuildPhase section */
		4F47BAEE1A12E09800660967 /* Resources */ = {
			isa = PBXResourcesBuildPhase;
			buildActionMask = 2147483647;
			files = (
				4F47BAFF1A12E09800660967 /* Main.storyboard in Resources */,
				3BC42C0C1A22DCF200880769 /* PlaylistView.xib in Resources */,
				4FF553A71A267B650062B600 /* SongDetailViewController.xib in Resources */,
				4F47BB041A12E09800660967 /* LaunchScreen.xib in Resources */,
				4F2945D21A26B1A1001B006A /* PlaybackViewController.xib in Resources */,
				4F47BB011A12E09800660967 /* Images.xcassets in Resources */,
				4FE36D621A1E701100D21E5C /* SongView.xib in Resources */,
			);
			runOnlyForDeploymentPostprocessing = 0;
		};
		4F47BB071A12E09800660967 /* Resources */ = {
			isa = PBXResourcesBuildPhase;
			buildActionMask = 2147483647;
			files = (
			);
			runOnlyForDeploymentPostprocessing = 0;
		};
/* End PBXResourcesBuildPhase section */

/* Begin PBXSourcesBuildPhase section */
		4F47BAEC1A12E09800660967 /* Sources */ = {
			isa = PBXSourcesBuildPhase;
			buildActionMask = 2147483647;
			files = (
				3B7F3B391A1D4F1200123649 /* SelectPlaylistTableViewController.m in Sources */,
				4F47BB291A12E0DC00660967 /* User.m in Sources */,
				4F47BB261A12E0DC00660967 /* SongQueue.m in Sources */,
				828AA1481A256E53004C2868 /* Admin.m in Sources */,
				3B7F3B361A1D252100123649 /* PlaylistViewController.m in Sources */,
				4FD4AB191A26390800D91D54 /* SearchViewController.m in Sources */,
				4F47BB2A1A12E0DC00660967 /* VoteBox.m in Sources */,
				3B7F3B331A1D24CD00123649 /* HistoryViewController.m in Sources */,
				4FF553A61A267B650062B600 /* SongDetailViewController.m in Sources */,
				82A939DD1A1AFC1000CB7E45 /* Parser.m in Sources */,
				4F47BB251A12E0DC00660967 /* Song.m in Sources */,
				4FD4AB1C1A263D1B00D91D54 /* SongSearchView.m in Sources */,
				4F47BC311A1529EE00660967 /* ServerConnection.m in Sources */,
				4FF5539D1A266C740062B600 /* RoomNavigationController.m in Sources */,
				4FE36D211A1D142F00D21E5C /* SpotifyRetriever.m in Sources */,
				4FE36CD91A1CEF3200D21E5C /* Member.m in Sources */,
				4FF5539A1A266A5A0062B600 /* TabBarController.m in Sources */,
				4F0D1A191A257D3300BE4412 /* PlaylistTableViewController.m in Sources */,
				4F2945D81A26D6F3001B006A /* RefreshTableViewController.m in Sources */,
				4F47BB281A12E0DC00660967 /* UnsortedSongQueue.m in Sources */,
				4FD4AB161A2633A900D91D54 /* PlaylistNavigationController.m in Sources */,
				4F47BAFC1A12E09800660967 /* ViewController.m in Sources */,
				4F0D1A181A257D3300BE4412 /* PlaylistTableView.m in Sources */,
				4F47BB271A12E0DC00660967 /* SongRoom.m in Sources */,
				4FE36D271A1D645A00D21E5C /* SongRoomView.m in Sources */,
				4FE36CDC1A1CEF3200D21E5C /* SongView.m in Sources */,
				4F47BC301A1529EE00660967 /* Server.m in Sources */,
				4F2945D51A26CA52001B006A /* GuestListTableViewController.m in Sources */,
				4F0D1A1A1A257D3300BE4412 /* SongTableViewCell.m in Sources */,
				3B7F3B321A1D24CD00123649 /* GuestListViewController.m in Sources */,
				4F47BAF91A12E09800660967 /* AppDelegate.m in Sources */,
				4F47BC2F1A1529EE00660967 /* Client.m in Sources */,
				4F47BAF61A12E09800660967 /* main.m in Sources */,
				4FE36CDB1A1CEF3200D21E5C /* SearchSongView.m in Sources */,
				3B7F3B311A1D24CD00123649 /* FindSongroomViewController.m in Sources */,
				4F2945D11A26B1A1001B006A /* PlaybackViewController.m in Sources */,
			);
			runOnlyForDeploymentPostprocessing = 0;
		};
		4F47BB051A12E09800660967 /* Sources */ = {
			isa = PBXSourcesBuildPhase;
			buildActionMask = 2147483647;
			files = (
				4F47BB351A12E10000660967 /* UserTests.m in Sources */,
				4FE36D231A1D21E300D21E5C /* SpotifyRetrieverTests.m in Sources */,
				4F47BB361A12E10000660967 /* VoteBoxTests.m in Sources */,
				4F47BC281A1529DA00660967 /* ServerTests.m in Sources */,
				4FE36CC51A1CEB4400D21E5C /* AdminMemberTests.m in Sources */,
				4F47BB311A12E10000660967 /* SongQueueTests.m in Sources */,
				4F47BB331A12E10000660967 /* SongTests.m in Sources */,
				4F47BB341A12E10000660967 /* UnsortedSongQueueTests.m in Sources */,
				4FE36D1E1A1CF0E700D21E5C /* ParserTests.m in Sources */,
				4F47BB321A12E10000660967 /* SongRoomTests.m in Sources */,
			);
			runOnlyForDeploymentPostprocessing = 0;
		};
/* End PBXSourcesBuildPhase section */

/* Begin PBXTargetDependency section */
		4F47BB0B1A12E09800660967 /* PBXTargetDependency */ = {
			isa = PBXTargetDependency;
			target = 4F47BAEF1A12E09800660967 /* PlaylistManager */;
			targetProxy = 4F47BB0A1A12E09800660967 /* PBXContainerItemProxy */;
		};
/* End PBXTargetDependency section */

/* Begin PBXVariantGroup section */
		4F47BAFD1A12E09800660967 /* Main.storyboard */ = {
			isa = PBXVariantGroup;
			children = (
				4F47BAFE1A12E09800660967 /* Base */,
			);
			name = Main.storyboard;
			sourceTree = "<group>";
		};
		4F47BB021A12E09800660967 /* LaunchScreen.xib */ = {
			isa = PBXVariantGroup;
			children = (
				4F47BB031A12E09800660967 /* Base */,
			);
			name = LaunchScreen.xib;
			sourceTree = "<group>";
		};
/* End PBXVariantGroup section */

/* Begin XCBuildConfiguration section */
		4F47BB111A12E09800660967 /* Debug */ = {
			isa = XCBuildConfiguration;
			buildSettings = {
				ALWAYS_SEARCH_USER_PATHS = NO;
				CLANG_CXX_LANGUAGE_STANDARD = "gnu++0x";
				CLANG_CXX_LIBRARY = "libc++";
				CLANG_ENABLE_MODULES = YES;
				CLANG_ENABLE_OBJC_ARC = YES;
				CLANG_WARN_BOOL_CONVERSION = YES;
				CLANG_WARN_CONSTANT_CONVERSION = YES;
				CLANG_WARN_DIRECT_OBJC_ISA_USAGE = YES_ERROR;
				CLANG_WARN_EMPTY_BODY = YES;
				CLANG_WARN_ENUM_CONVERSION = YES;
				CLANG_WARN_INT_CONVERSION = YES;
				CLANG_WARN_OBJC_ROOT_CLASS = YES_ERROR;
				CLANG_WARN_UNREACHABLE_CODE = YES;
				CLANG_WARN__DUPLICATE_METHOD_MATCH = YES;
				"CODE_SIGN_IDENTITY[sdk=iphoneos*]" = "iPhone Developer";
				COPY_PHASE_STRIP = NO;
				ENABLE_STRICT_OBJC_MSGSEND = YES;
				GCC_C_LANGUAGE_STANDARD = gnu99;
				GCC_DYNAMIC_NO_PIC = NO;
				GCC_OPTIMIZATION_LEVEL = 0;
				GCC_PREPROCESSOR_DEFINITIONS = (
					"DEBUG=1",
					"$(inherited)",
				);
				GCC_SYMBOLS_PRIVATE_EXTERN = NO;
				GCC_WARN_64_TO_32_BIT_CONVERSION = YES;
				GCC_WARN_ABOUT_RETURN_TYPE = YES_ERROR;
				GCC_WARN_UNDECLARED_SELECTOR = YES;
				GCC_WARN_UNINITIALIZED_AUTOS = YES_AGGRESSIVE;
				GCC_WARN_UNUSED_FUNCTION = YES;
				GCC_WARN_UNUSED_VARIABLE = YES;
				IPHONEOS_DEPLOYMENT_TARGET = 8.1;
				MTL_ENABLE_DEBUG_INFO = YES;
				ONLY_ACTIVE_ARCH = YES;
				SDKROOT = iphoneos;
			};
			name = Debug;
		};
		4F47BB121A12E09800660967 /* Release */ = {
			isa = XCBuildConfiguration;
			buildSettings = {
				ALWAYS_SEARCH_USER_PATHS = NO;
				CLANG_CXX_LANGUAGE_STANDARD = "gnu++0x";
				CLANG_CXX_LIBRARY = "libc++";
				CLANG_ENABLE_MODULES = YES;
				CLANG_ENABLE_OBJC_ARC = YES;
				CLANG_WARN_BOOL_CONVERSION = YES;
				CLANG_WARN_CONSTANT_CONVERSION = YES;
				CLANG_WARN_DIRECT_OBJC_ISA_USAGE = YES_ERROR;
				CLANG_WARN_EMPTY_BODY = YES;
				CLANG_WARN_ENUM_CONVERSION = YES;
				CLANG_WARN_INT_CONVERSION = YES;
				CLANG_WARN_OBJC_ROOT_CLASS = YES_ERROR;
				CLANG_WARN_UNREACHABLE_CODE = YES;
				CLANG_WARN__DUPLICATE_METHOD_MATCH = YES;
				"CODE_SIGN_IDENTITY[sdk=iphoneos*]" = "iPhone Developer";
				COPY_PHASE_STRIP = YES;
				ENABLE_NS_ASSERTIONS = NO;
				ENABLE_STRICT_OBJC_MSGSEND = YES;
				GCC_C_LANGUAGE_STANDARD = gnu99;
				GCC_WARN_64_TO_32_BIT_CONVERSION = YES;
				GCC_WARN_ABOUT_RETURN_TYPE = YES_ERROR;
				GCC_WARN_UNDECLARED_SELECTOR = YES;
				GCC_WARN_UNINITIALIZED_AUTOS = YES_AGGRESSIVE;
				GCC_WARN_UNUSED_FUNCTION = YES;
				GCC_WARN_UNUSED_VARIABLE = YES;
				IPHONEOS_DEPLOYMENT_TARGET = 8.1;
				MTL_ENABLE_DEBUG_INFO = NO;
				SDKROOT = iphoneos;
				VALIDATE_PRODUCT = YES;
			};
			name = Release;
		};
		4F47BB141A12E09800660967 /* Debug */ = {
			isa = XCBuildConfiguration;
			buildSettings = {
				ASSETCATALOG_COMPILER_APPICON_NAME = AppIcon;
				FRAMEWORK_SEARCH_PATHS = (
					"$(inherited)",
					"$(PROJECT_DIR)",
				);
				INFOPLIST_FILE = PlaylistManager/Info.plist;
				IPHONEOS_DEPLOYMENT_TARGET = 7.0;
				LD_RUNPATH_SEARCH_PATHS = "$(inherited) @executable_path/Frameworks";
				OTHER_LDFLAGS = "-ObjC";
				PRODUCT_NAME = "$(TARGET_NAME)";
			};
			name = Debug;
		};
		4F47BB151A12E09800660967 /* Release */ = {
			isa = XCBuildConfiguration;
			buildSettings = {
				ASSETCATALOG_COMPILER_APPICON_NAME = AppIcon;
				FRAMEWORK_SEARCH_PATHS = (
					"$(inherited)",
					"$(PROJECT_DIR)",
				);
				INFOPLIST_FILE = PlaylistManager/Info.plist;
				IPHONEOS_DEPLOYMENT_TARGET = 7.0;
				LD_RUNPATH_SEARCH_PATHS = "$(inherited) @executable_path/Frameworks";
				OTHER_LDFLAGS = "-ObjC";
				PRODUCT_NAME = "$(TARGET_NAME)";
			};
			name = Release;
		};
		4F47BB171A12E09800660967 /* Debug */ = {
			isa = XCBuildConfiguration;
			buildSettings = {
				BUNDLE_LOADER = "$(TEST_HOST)";
				FRAMEWORK_SEARCH_PATHS = (
					"$(SDKROOT)/Developer/Library/Frameworks",
					"$(inherited)",
					"$(PROJECT_DIR)",
				);
				GCC_PREPROCESSOR_DEFINITIONS = (
					"DEBUG=1",
					"$(inherited)",
				);
				INFOPLIST_FILE = PlaylistManagerTests/Info.plist;
				LD_RUNPATH_SEARCH_PATHS = "$(inherited) @executable_path/Frameworks @loader_path/Frameworks";
				PRODUCT_NAME = "$(TARGET_NAME)";
				TEST_HOST = "$(BUILT_PRODUCTS_DIR)/PlaylistManager.app/PlaylistManager";
			};
			name = Debug;
		};
		4F47BB181A12E09800660967 /* Release */ = {
			isa = XCBuildConfiguration;
			buildSettings = {
				BUNDLE_LOADER = "$(TEST_HOST)";
				FRAMEWORK_SEARCH_PATHS = (
					"$(SDKROOT)/Developer/Library/Frameworks",
					"$(inherited)",
					"$(PROJECT_DIR)",
				);
				INFOPLIST_FILE = PlaylistManagerTests/Info.plist;
				LD_RUNPATH_SEARCH_PATHS = "$(inherited) @executable_path/Frameworks @loader_path/Frameworks";
				PRODUCT_NAME = "$(TARGET_NAME)";
				TEST_HOST = "$(BUILT_PRODUCTS_DIR)/PlaylistManager.app/PlaylistManager";
			};
			name = Release;
		};
/* End XCBuildConfiguration section */

/* Begin XCConfigurationList section */
		4F47BAEB1A12E09800660967 /* Build configuration list for PBXProject "PlaylistManager" */ = {
			isa = XCConfigurationList;
			buildConfigurations = (
				4F47BB111A12E09800660967 /* Debug */,
				4F47BB121A12E09800660967 /* Release */,
			);
			defaultConfigurationIsVisible = 0;
			defaultConfigurationName = Release;
		};
		4F47BB131A12E09800660967 /* Build configuration list for PBXNativeTarget "PlaylistManager" */ = {
			isa = XCConfigurationList;
			buildConfigurations = (
				4F47BB141A12E09800660967 /* Debug */,
				4F47BB151A12E09800660967 /* Release */,
			);
			defaultConfigurationIsVisible = 0;
			defaultConfigurationName = Release;
		};
		4F47BB161A12E09800660967 /* Build configuration list for PBXNativeTarget "PlaylistManagerTests" */ = {
			isa = XCConfigurationList;
			buildConfigurations = (
				4F47BB171A12E09800660967 /* Debug */,
				4F47BB181A12E09800660967 /* Release */,
			);
			defaultConfigurationIsVisible = 0;
			defaultConfigurationName = Release;
		};
/* End XCConfigurationList section */
	};
	rootObject = 4F47BAE81A12E09800660967 /* Project object */;
}
